PODS:
  - AFNetworking (4.0.1):
    - AFNetworking/NSURLSession (= 4.0.1)
    - AFNetworking/Reachability (= 4.0.1)
    - AFNetworking/Security (= 4.0.1)
    - AFNetworking/Serialization (= 4.0.1)
    - AFNetworking/UIKit (= 4.0.1)
  - AFNetworking/NSURLSession (4.0.1):
    - AFNetworking/Reachability
    - AFNetworking/Security
    - AFNetworking/Serialization
  - AFNetworking/Reachability (4.0.1)
  - AFNetworking/Security (4.0.1)
  - AFNetworking/Serialization (4.0.1)
  - AFNetworking/UIKit (4.0.1):
    - AFNetworking/NSURLSession
  - BGENetworking (1.0.3):
    - AFNetworking (~> 4.0)
    - JSONModel
  - JSONModel (1.8.0)

DEPENDENCIES:
  - BGENetworking (from `../`)

SPEC REPOS:
  https://github.com/CocoaPods/Specs:
    - AFNetworking
    - JSONModel

EXTERNAL SOURCES:
  BGENetworking:
    :path: "../"

SPEC CHECKSUMS:
  AFNetworking: 7864c38297c79aaca1500c33288e429c3451fdce
  BGENetworking: d0b5072d8cd18fb96360e819abbf303e6b8f677b
  JSONModel: 02ab723958366a3fd27da57ea2af2113658762e9

PODFILE CHECKSUM: c840093f7b7cbbfdbb01bc88fee8ffadd10d3105

COCOAPODS: 1.10.1
